
Microsoft Visual Studio Solution File, Format Version 12.00
# Visual Studio Version 17
VisualStudioVersion = 17.5.33414.496
MinimumVisualStudioVersion = 10.0.40219.1
Project("{8BC9CEB8-8B4A-11D0-8D11-00A0C91BC942}") = "TravelOffersShop", "TravelOffersShop\TravelOffersShop.vcxproj", "{C3FBD597-5982-47DF-B2D1-DB69B6A2DD8F}"
EndProject
Global
	GlobalSection(SolutionConfigurationPlatforms) = preSolution
		Debug|x64 = Debug|x64
		Release|x64 = Release|x64
	EndGlobalSection
	GlobalSection(ProjectConfigurationPlatforms) = postSolution
		{C3FBD597-5982-47DF-B2D1-DB69B6A2DD8F}.Debug|x64.ActiveCfg = Debug|x64
		{C3FBD597-5982-47DF-B2D1-DB69B6A2DD8F}.Debug|x64.Build.0 = Debug|x64
		{C3FBD597-5982-47DF-B2D1-DB69B6A2DD8F}.Release|x64.ActiveCfg = Release|x64
		{C3FBD597-5982-47DF-B2D1-DB69B6A2DD8F}.Release|x64.Build.0 = Release|x64
	EndGlobalSection
	GlobalSection(SolutionProperties) = preSolution
		HideSolutionNode = FALSE
	EndGlobalSection
	GlobalSection(ExtensibilityGlobals) = postSolution
		SolutionGuid = {DEA683BC-3C1E-4B15-A099-454F1466A812}
	EndGlobalSection
EndGlobal
